{
  "name": "groomlink",
  "version": "1.0.0",
  "lockfileVersion": 3,
  "requires": true,
  "packages": {
    "": {
      "name": "groomlink",
      "version": "1.0.0",
      "hasInstallScript": true,
      "devDependencies": {
        "@types/node": "^20.10.0",
        "typescript": "^5.3.0"
      },
      "engines": {
        "node": ">=18.0.0",
        "pnpm": ">=8.0.0"
      }
    },
    "node_modules/@types/node": {
      "version": "20.19.39",
      "dev": true,
      "license": "MIT",
      "dependencies": {
        "undici-types": "~6.21.0"
      }
    },
    "node_modules/typescript": {
      "version": "5.9.3",
      "dev": true,
      "license": "Apache-2.0",
      "bin": {
        "tsc": "bin/tsc",
        "tsserver": "bin/tsserver"
      },
      "engines": {
        "node": ">=14.17"
      }
    },
    "node_modules/undici-types": {
      "version": "6.21.0",
      "dev": true,
      "license": "MIT"
    }
  }
}
